
Microsoft Visual Studio Solution File, Format Version 12.00
# Visual Studio Version 18
VisualStudioVersion = 18.6.11806.211
MinimumVisualStudioVersion = 10.0.40219.1
Project("{2150E333-8FDC-42A3-9474-1A3956D46DE8}") = "src", "src", "{827E0CD3-B72D-47B6-A68D-7590B98EB39B}"
EndProject
Project("{FAE04EC0-301F-11D3-BF4B-00C04F79EFBC}") = "IBOPE.DoubleBlind.Domain", "src\IBOPE.DoubleBlind.Domain\IBOPE.DoubleBlind.Domain.csproj", "{60AEBFC6-92E3-4D8C-93A6-8C369CF93949}"
EndProject
Project("{FAE04EC0-301F-11D3-BF4B-00C04F79EFBC}") = "IBOPE.DoubleBlind.Application", "src\IBOPE.DoubleBlind.Application\IBOPE.DoubleBlind.Application.csproj", "{479864A1-65FA-4B32-B412-49B2639C1D82}"
EndProject
Project("{FAE04EC0-301F-11D3-BF4B-00C04F79EFBC}") = "IBOPE.DoubleBlind.Infrastructure", "src\IBOPE.DoubleBlind.Infrastructure\IBOPE.DoubleBlind.Infrastructure.csproj", "{7365443A-5F49-40D5-942E-EFBEA5ED3311}"
EndProject
Project("{FAE04EC0-301F-11D3-BF4B-00C04F79EFBC}") = "IBOPE.DoubleBlind.Web", "src\IBOPE.DoubleBlind.Web\IBOPE.DoubleBlind.Web.csproj", "{86A4E205-164F-4352-9321-EABDA4633882}"
EndProject
Global
	GlobalSection(SolutionConfigurationPlatforms) = preSolution
		Debug|Any CPU = Debug|Any CPU
		Debug|x64 = Debug|x64
		Debug|x86 = Debug|x86
		Release|Any CPU = Release|Any CPU
		Release|x64 = Release|x64
		Release|x86 = Release|x86
	EndGlobalSection
	GlobalSection(ProjectConfigurationPlatforms) = postSolution
		{60AEBFC6-92E3-4D8C-93A6-8C369CF93949}.Debug|Any CPU.ActiveCfg = Debug|Any CPU
		{60AEBFC6-92E3-4D8C-93A6-8C369CF93949}.Debug|Any CPU.Build.0 = Debug|Any CPU
		{60AEBFC6-92E3-4D8C-93A6-8C369CF93949}.Debug|x64.ActiveCfg = Debug|Any CPU
		{60AEBFC6-92E3-4D8C-93A6-8C369CF93949}.Debug|x64.Build.0 = Debug|Any CPU
		{60AEBFC6-92E3-4D8C-93A6-8C369CF93949}.Debug|x86.ActiveCfg = Debug|Any CPU
		{60AEBFC6-92E3-4D8C-93A6-8C369CF93949}.Debug|x86.Build.0 = Debug|Any CPU
		{60AEBFC6-92E3-4D8C-93A6-8C369CF93949}.Release|Any CPU.ActiveCfg = Release|Any CPU
		{60AEBFC6-92E3-4D8C-93A6-8C369CF93949}.Release|Any CPU.Build.0 = Release|Any CPU
		{60AEBFC6-92E3-4D8C-93A6-8C369CF93949}.Release|x64.ActiveCfg = Release|Any CPU
		{60AEBFC6-92E3-4D8C-93A6-8C369CF93949}.Release|x64.Build.0 = Release|Any CPU
		{60AEBFC6-92E3-4D8C-93A6-8C369CF93949}.Release|x86.ActiveCfg = Release|Any CPU
		{60AEBFC6-92E3-4D8C-93A6-8C369CF93949}.Release|x86.Build.0 = Release|Any CPU
		{479864A1-65FA-4B32-B412-49B2639C1D82}.Debug|Any CPU.ActiveCfg = Debug|Any CPU
		{479864A1-65FA-4B32-B412-49B2639C1D82}.Debug|Any CPU.Build.0 = Debug|Any CPU
		{479864A1-65FA-4B32-B412-49B2639C1D82}.Debug|x64.ActiveCfg = Debug|Any CPU
		{479864A1-65FA-4B32-B412-49B2639C1D82}.Debug|x64.Build.0 = Debug|Any CPU
		{479864A1-65FA-4B32-B412-49B2639C1D82}.Debug|x86.ActiveCfg = Debug|Any CPU
		{479864A1-65FA-4B32-B412-49B2639C1D82}.Debug|x86.Build.0 = Debug|Any CPU
		{479864A1-65FA-4B32-B412-49B2639C1D82}.Release|Any CPU.ActiveCfg = Release|Any CPU
		{479864A1-65FA-4B32-B412-49B2639C1D82}.Release|Any CPU.Build.0 = Release|Any CPU
		{479864A1-65FA-4B32-B412-49B2639C1D82}.Release|x64.ActiveCfg = Release|Any CPU
		{479864A1-65FA-4B32-B412-49B2639C1D82}.Release|x64.Build.0 = Release|Any CPU
		{479864A1-65FA-4B32-B412-49B2639C1D82}.Release|x86.ActiveCfg = Release|Any CPU
		{479864A1-65FA-4B32-B412-49B2639C1D82}.Release|x86.Build.0 = Release|Any CPU
		{7365443A-5F49-40D5-942E-EFBEA5ED3311}.Debug|Any CPU.ActiveCfg = Debug|Any CPU
		{7365443A-5F49-40D5-942E-EFBEA5ED3311}.Debug|Any CPU.Build.0 = Debug|Any CPU
		{7365443A-5F49-40D5-942E-EFBEA5ED3311}.Debug|x64.ActiveCfg = Debug|Any CPU
		{7365443A-5F49-40D5-942E-EFBEA5ED3311}.Debug|x64.Build.0 = Debug|Any CPU
		{7365443A-5F49-40D5-942E-EFBEA5ED3311}.Debug|x86.ActiveCfg = Debug|Any CPU
		{7365443A-5F49-40D5-942E-EFBEA5ED3311}.Debug|x86.Build.0 = Debug|Any CPU
		{7365443A-5F49-40D5-942E-EFBEA5ED3311}.Release|Any CPU.ActiveCfg = Release|Any CPU
		{7365443A-5F49-40D5-942E-EFBEA5ED3311}.Release|Any CPU.Build.0 = Release|Any CPU
		{7365443A-5F49-40D5-942E-EFBEA5ED3311}.Release|x64.ActiveCfg = Release|Any CPU
		{7365443A-5F49-40D5-942E-EFBEA5ED3311}.Release|x64.Build.0 = Release|Any CPU
		{7365443A-5F49-40D5-942E-EFBEA5ED3311}.Release|x86.ActiveCfg = Release|Any CPU
		{7365443A-5F49-40D5-942E-EFBEA5ED3311}.Release|x86.Build.0 = Release|Any CPU
		{86A4E205-164F-4352-9321-EABDA4633882}.Debug|Any CPU.ActiveCfg = Debug|Any CPU
		{86A4E205-164F-4352-9321-EABDA4633882}.Debug|Any CPU.Build.0 = Debug|Any CPU
		{86A4E205-164F-4352-9321-EABDA4633882}.Debug|x64.ActiveCfg = Debug|Any CPU
		{86A4E205-164F-4352-9321-EABDA4633882}.Debug|x64.Build.0 = Debug|Any CPU
		{86A4E205-164F-4352-9321-EABDA4633882}.Debug|x86.ActiveCfg = Debug|Any CPU
		{86A4E205-164F-4352-9321-EABDA4633882}.Debug|x86.Build.0 = Debug|Any CPU
		{86A4E205-164F-4352-9321-EABDA4633882}.Release|Any CPU.ActiveCfg = Release|Any CPU
		{86A4E205-164F-4352-9321-EABDA4633882}.Release|Any CPU.Build.0 = Release|Any CPU
		{86A4E205-164F-4352-9321-EABDA4633882}.Release|x64.ActiveCfg = Release|Any CPU
		{86A4E205-164F-4352-9321-EABDA4633882}.Release|x64.Build.0 = Release|Any CPU
		{86A4E205-164F-4352-9321-EABDA4633882}.Release|x86.ActiveCfg = Release|Any CPU
		{86A4E205-164F-4352-9321-EABDA4633882}.Release|x86.Build.0 = Release|Any CPU
	EndGlobalSection
	GlobalSection(SolutionProperties) = preSolution
		HideSolutionNode = FALSE
	EndGlobalSection
	GlobalSection(NestedProjects) = preSolution
		{60AEBFC6-92E3-4D8C-93A6-8C369CF93949} = {827E0CD3-B72D-47B6-A68D-7590B98EB39B}
		{479864A1-65FA-4B32-B412-49B2639C1D82} = {827E0CD3-B72D-47B6-A68D-7590B98EB39B}
		{7365443A-5F49-40D5-942E-EFBEA5ED3311} = {827E0CD3-B72D-47B6-A68D-7590B98EB39B}
		{86A4E205-164F-4352-9321-EABDA4633882} = {827E0CD3-B72D-47B6-A68D-7590B98EB39B}
	EndGlobalSection
	GlobalSection(ExtensibilityGlobals) = postSolution
		SolutionGuid = {9808E76C-300B-4F18-BE61-5F0F3911DC97}
	EndGlobalSection
EndGlobal
